<?xml version="1.0" encoding="utf-8"?>
<Project ToolsVersion="4.0" xmlns="http://schemas.microsoft.com/developer/msbuild/2003">
  <ItemGroup>
    <ClCompile Include="WinMain.cpp" />
    <ClCompile Include="graphic.cpp" />
  </ItemGroup>
  <ItemGroup>
    <ClInclude Include="model.h" />
    <ClInclude Include="BIN_FILE12.h">
      <Filter>utility</Filter>
    </ClInclude>
    <ClInclude Include="stb_image.h">
      <Filter>utility</Filter>
    </ClInclude>
    <ClInclude Include="graphic.h" />
  </ItemGroup>
  <ItemGroup>
    <FxCompile Include="PixelShader.hlsl">
      <Filter>hlsl</Filter>
    </FxCompile>
    <FxCompile Include="VertexShader.hlsl">
      <Filter>hlsl</Filter>
    </FxCompile>
    <FxCompile Include="PixelShader1.hlsl">
      <Filter>hlsl1</Filter>
    </FxCompile>
    <FxCompile Include="VertexShader1.hlsl">
      <Filter>hlsl1</Filter>
    </FxCompile>
    <FxCompile Include="PixelShader2.hlsl">
      <Filter>hlsl2</Filter>
    </FxCompile>
    <FxCompile Include="VertexShader2.hlsl">
      <Filter>hlsl2</Filter>
    </FxCompile>
  </ItemGroup>
  <ItemGroup>
    <Filter Include="hlsl">
      <UniqueIdentifier>{4fe1e937-cda2-41f5-b8c0-12131b0eeea9}</UniqueIdentifier>
    </Filter>
    <Filter Include="utility">
      <UniqueIdentifier>{e6a8d2fb-5a7e-44bd-bf85-95f30edd2c1a}</UniqueIdentifier>
    </Filter>
    <Filter Include="hlsl1">
      <UniqueIdentifier>{6217d5ac-54cc-4f94-a385-d0032e30c5c7}</UniqueIdentifier>
    </Filter>
    <Filter Include="hlsl2">
      <UniqueIdentifier>{70a85f5f-a145-4136-8fa8-ad5183b821c8}</UniqueIdentifier>
    </Filter>
  </ItemGroup>
  <ItemGroup>
    <None Include="Header.hlsli">
      <Filter>hlsl</Filter>
    </None>
  </ItemGroup>
</Project>