<?xml version="1.0" encoding="utf-8"?>
<Project ToolsVersion="4.0" xmlns="http://schemas.microsoft.com/developer/msbuild/2003">
  <ItemGroup>
    <ClCompile Include="WinMain.cpp" />
    <ClCompile Include="graphic.cpp" />
  </ItemGroup>
  <ItemGroup>
    <ClInclude Include="BIN_FILE12.h">
      <Filter>utility</Filter>
    </ClInclude>
    <ClInclude Include="stb_image.h">
      <Filter>utility</Filter>
    </ClInclude>
    <ClInclude Include="graphic.h" />
  </ItemGroup>
  <ItemGroup>
    <FxCompile Include="PixelShader.hlsl">
      <Filter>hlsl</Filter>
    </FxCompile>
    <FxCompile Include="VertexShader.hlsl">
      <Filter>hlsl</Filter>
    </FxCompile>
  </ItemGroup>
  <ItemGroup>
    <Filter Include="hlsl">
      <UniqueIdentifier>{4fe1e937-cda2-41f5-b8c0-12131b0eeea9}</UniqueIdentifier>
    </Filter>
    <Filter Include="utility">
      <UniqueIdentifier>{e6a8d2fb-5a7e-44bd-bf85-95f30edd2c1a}</UniqueIdentifier>
    </Filter>
  </ItemGroup>
  <ItemGroup>
    <None Include="Header.hlsli">
      <Filter>hlsl</Filter>
    </None>
  </ItemGroup>
</Project>